Microsoft Visual Studio Solution File, Format Version 12.00
# Visual Studio 15
Project("{2150E333-8FDC-42A3-9474-1A3956D46DE8}") = "CMakePredefinedTargets", "CMakePredefinedTargets", "{0D5464CF-3765-3FDD-AB4F-4BEEA53D0C71}"
EndProject
Project("{2150E333-8FDC-42A3-9474-1A3956D46DE8}") = "GLFW3", "GLFW3", "{FAF81F0E-2663-3AEB-89A4-F16887E47F49}"
EndProject
Project("{8BC9CEB8-8B4A-11D0-8D11-00A0C91BC942}") = "ALL_BUILD", "ALL_BUILD.vcxproj", "{C5AB622E-AF45-3D77-9204-D6585C84A49C}"
	ProjectSection(ProjectDependencies) = postProject
		{5DA30F08-DD8F-33CE-81A3-3AC6F7C1218F} = {5DA30F08-DD8F-33CE-81A3-3AC6F7C1218F}
		{7475699F-DCAD-3F22-8E4B-B1F4B6C8ACFF} = {7475699F-DCAD-3F22-8E4B-B1F4B6C8ACFF}
		{68D8D165-33DE-3B14-BA91-46CE82469296} = {68D8D165-33DE-3B14-BA91-46CE82469296}
		{DD1E4577-D1BE-33F2-BB1D-19CB3465F78D} = {DD1E4577-D1BE-33F2-BB1D-19CB3465F78D}
		{8B0A119E-27FA-37F9-90DD-A3416358AA10} = {8B0A119E-27FA-37F9-90DD-A3416358AA10}
		{B39C07E6-0145-3D26-A38A-FAED8FE845CD} = {B39C07E6-0145-3D26-A38A-FAED8FE845CD}
		{2BBD47BC-36C6-353F-A9E6-09BE5FA7E640} = {2BBD47BC-36C6-353F-A9E6-09BE5FA7E640}
		{F49CE9B6-6D1F-3B4E-A5C1-5ECA7521D7FB} = {F49CE9B6-6D1F-3B4E-A5C1-5ECA7521D7FB}
		{0E8D870B-657B-339F-B208-28F816398921} = {0E8D870B-657B-339F-B208-28F816398921}
		{8BD9734D-F710-32A9-A4F4-15031D41E714} = {8BD9734D-F710-32A9-A4F4-15031D41E714}
		{40EE0DC5-AA28-3AFC-8633-EA9779B253B4} = {40EE0DC5-AA28-3AFC-8633-EA9779B253B4}
		{43D6FDB6-04BE-35FD-B9D4-1C0842CE8A43} = {43D6FDB6-04BE-35FD-B9D4-1C0842CE8A43}
		{C2E09BA5-C15D-3DC1-9960-5F45636D1603} = {C2E09BA5-C15D-3DC1-9960-5F45636D1603}
		{8F08612E-42FC-3FA7-9A66-410FD90ABF78} = {8F08612E-42FC-3FA7-9A66-410FD90ABF78}
		{4D5F1D5D-27B0-3D14-883E-E8A95454A1D4} = {4D5F1D5D-27B0-3D14-883E-E8A95454A1D4}
		{97DA5419-B596-311E-A753-B3009B406AC8} = {97DA5419-B596-311E-A753-B3009B406AC8}
		{E997B757-22BB-30FA-8AA2-DD4F321E7EE1} = {E997B757-22BB-30FA-8AA2-DD4F321E7EE1}
	EndProjectSection
EndProject
Project("{8BC9CEB8-8B4A-11D0-8D11-00A0C91BC942}") = "INSTALL", "INSTALL.vcxproj", "{6F010341-C02D-37EA-B5AF-206679C57D85}"
	ProjectSection(ProjectDependencies) = postProject
		{C5AB622E-AF45-3D77-9204-D6585C84A49C} = {C5AB622E-AF45-3D77-9204-D6585C84A49C}
		{5DA30F08-DD8F-33CE-81A3-3AC6F7C1218F} = {5DA30F08-DD8F-33CE-81A3-3AC6F7C1218F}
	EndProjectSection
EndProject
Project("{8BC9CEB8-8B4A-11D0-8D11-00A0C91BC942}") = "ZERO_CHECK", "..\\ZERO_CHECK.vcxproj", "{5DA30F08-DD8F-33CE-81A3-3AC6F7C1218F}"
	ProjectSection(ProjectDependencies) = postProject
	EndProjectSection
EndProject
Project("{8BC9CEB8-8B4A-11D0-8D11-00A0C91BC942}") = "coroutines", "examples\coroutines.vcxproj", "{7475699F-DCAD-3F22-8E4B-B1F4B6C8ACFF}"
	ProjectSection(ProjectDependencies) = postProject
		{5DA30F08-DD8F-33CE-81A3-3AC6F7C1218F} = {5DA30F08-DD8F-33CE-81A3-3AC6F7C1218F}
		{2BBD47BC-36C6-353F-A9E6-09BE5FA7E640} = {2BBD47BC-36C6-353F-A9E6-09BE5FA7E640}
		{F49CE9B6-6D1F-3B4E-A5C1-5ECA7521D7FB} = {F49CE9B6-6D1F-3B4E-A5C1-5ECA7521D7FB}
		{8BD9734D-F710-32A9-A4F4-15031D41E714} = {8BD9734D-F710-32A9-A4F4-15031D41E714}
		{43D6FDB6-04BE-35FD-B9D4-1C0842CE8A43} = {43D6FDB6-04BE-35FD-B9D4-1C0842CE8A43}
		{8F08612E-42FC-3FA7-9A66-410FD90ABF78} = {8F08612E-42FC-3FA7-9A66-410FD90ABF78}
	EndProjectSection
EndProject
Project("{8BC9CEB8-8B4A-11D0-8D11-00A0C91BC942}") = "demo", "examples\demo.vcxproj", "{68D8D165-33DE-3B14-BA91-46CE82469296}"
	ProjectSection(ProjectDependencies) = postProject
		{5DA30F08-DD8F-33CE-81A3-3AC6F7C1218F} = {5DA30F08-DD8F-33CE-81A3-3AC6F7C1218F}
		{2BBD47BC-36C6-353F-A9E6-09BE5FA7E640} = {2BBD47BC-36C6-353F-A9E6-09BE5FA7E640}
		{F49CE9B6-6D1F-3B4E-A5C1-5ECA7521D7FB} = {F49CE9B6-6D1F-3B4E-A5C1-5ECA7521D7FB}
		{8BD9734D-F710-32A9-A4F4-15031D41E714} = {8BD9734D-F710-32A9-A4F4-15031D41E714}
		{43D6FDB6-04BE-35FD-B9D4-1C0842CE8A43} = {43D6FDB6-04BE-35FD-B9D4-1C0842CE8A43}
		{8F08612E-42FC-3FA7-9A66-410FD90ABF78} = {8F08612E-42FC-3FA7-9A66-410FD90ABF78}
	EndProjectSection
EndProject
Project("{8BC9CEB8-8B4A-11D0-8D11-00A0C91BC942}") = "drawing", "examples\drawing.vcxproj", "{DD1E4577-D1BE-33F2-BB1D-19CB3465F78D}"
	ProjectSection(ProjectDependencies) = postProject
		{5DA30F08-DD8F-33CE-81A3-3AC6F7C1218F} = {5DA30F08-DD8F-33CE-81A3-3AC6F7C1218F}
		{2BBD47BC-36C6-353F-A9E6-09BE5FA7E640} = {2BBD47BC-36C6-353F-A9E6-09BE5FA7E640}
		{F49CE9B6-6D1F-3B4E-A5C1-5ECA7521D7FB} = {F49CE9B6-6D1F-3B4E-A5C1-5ECA7521D7FB}
		{8BD9734D-F710-32A9-A4F4-15031D41E714} = {8BD9734D-F710-32A9-A4F4-15031D41E714}
		{43D6FDB6-04BE-35FD-B9D4-1C0842CE8A43} = {43D6FDB6-04BE-35FD-B9D4-1C0842CE8A43}
		{8F08612E-42FC-3FA7-9A66-410FD90ABF78} = {8F08612E-42FC-3FA7-9A66-410FD90ABF78}
	EndProjectSection
EndProject
Project("{8BC9CEB8-8B4A-11D0-8D11-00A0C91BC942}") = "events", "examples\events.vcxproj", "{8B0A119E-27FA-37F9-90DD-A3416358AA10}"
	ProjectSection(ProjectDependencies) = postProject
		{5DA30F08-DD8F-33CE-81A3-3AC6F7C1218F} = {5DA30F08-DD8F-33CE-81A3-3AC6F7C1218F}
		{2BBD47BC-36C6-353F-A9E6-09BE5FA7E640} = {2BBD47BC-36C6-353F-A9E6-09BE5FA7E640}
		{F49CE9B6-6D1F-3B4E-A5C1-5ECA7521D7FB} = {F49CE9B6-6D1F-3B4E-A5C1-5ECA7521D7FB}
		{8BD9734D-F710-32A9-A4F4-15031D41E714} = {8BD9734D-F710-32A9-A4F4-15031D41E714}
		{43D6FDB6-04BE-35FD-B9D4-1C0842CE8A43} = {43D6FDB6-04BE-35FD-B9D4-1C0842CE8A43}
		{8F08612E-42FC-3FA7-9A66-410FD90ABF78} = {8F08612E-42FC-3FA7-9A66-410FD90ABF78}
	EndProjectSection
EndProject
Project("{8BC9CEB8-8B4A-11D0-8D11-00A0C91BC942}") = "files", "examples\files.vcxproj", "{B39C07E6-0145-3D26-A38A-FAED8FE845CD}"
	ProjectSection(ProjectDependencies) = postProject
		{5DA30F08-DD8F-33CE-81A3-3AC6F7C1218F} = {5DA30F08-DD8F-33CE-81A3-3AC6F7C1218F}
		{2BBD47BC-36C6-353F-A9E6-09BE5FA7E640} = {2BBD47BC-36C6-353F-A9E6-09BE5FA7E640}
		{F49CE9B6-6D1F-3B4E-A5C1-5ECA7521D7FB} = {F49CE9B6-6D1F-3B4E-A5C1-5ECA7521D7FB}
		{8BD9734D-F710-32A9-A4F4-15031D41E714} = {8BD9734D-F710-32A9-A4F4-15031D41E714}
		{43D6FDB6-04BE-35FD-B9D4-1C0842CE8A43} = {43D6FDB6-04BE-35FD-B9D4-1C0842CE8A43}
		{8F08612E-42FC-3FA7-9A66-410FD90ABF78} = {8F08612E-42FC-3FA7-9A66-410FD90ABF78}
	EndProjectSection
EndProject
Project("{8BC9CEB8-8B4A-11D0-8D11-00A0C91BC942}") = "glad", "3rdparty\glad\glad.vcxproj", "{2BBD47BC-36C6-353F-A9E6-09BE5FA7E640}"
	ProjectSection(ProjectDependencies) = postProject
		{5DA30F08-DD8F-33CE-81A3-3AC6F7C1218F} = {5DA30F08-DD8F-33CE-81A3-3AC6F7C1218F}
	EndProjectSection
EndProject
Project("{8BC9CEB8-8B4A-11D0-8D11-00A0C91BC942}") = "glfw", "3rdparty\glfw\src\glfw.vcxproj", "{F49CE9B6-6D1F-3B4E-A5C1-5ECA7521D7FB}"
	ProjectSection(ProjectDependencies) = postProject
		{5DA30F08-DD8F-33CE-81A3-3AC6F7C1218F} = {5DA30F08-DD8F-33CE-81A3-3AC6F7C1218F}
	EndProjectSection
EndProject
Project("{8BC9CEB8-8B4A-11D0-8D11-00A0C91BC942}") = "likert", "examples\likert.vcxproj", "{0E8D870B-657B-339F-B208-28F816398921}"
	ProjectSection(ProjectDependencies) = postProject
		{5DA30F08-DD8F-33CE-81A3-3AC6F7C1218F} = {5DA30F08-DD8F-33CE-81A3-3AC6F7C1218F}
		{2BBD47BC-36C6-353F-A9E6-09BE5FA7E640} = {2BBD47BC-36C6-353F-A9E6-09BE5FA7E640}
		{F49CE9B6-6D1F-3B4E-A5C1-5ECA7521D7FB} = {F49CE9B6-6D1F-3B4E-A5C1-5ECA7521D7FB}
		{8BD9734D-F710-32A9-A4F4-15031D41E714} = {8BD9734D-F710-32A9-A4F4-15031D41E714}
		{43D6FDB6-04BE-35FD-B9D4-1C0842CE8A43} = {43D6FDB6-04BE-35FD-B9D4-1C0842CE8A43}
		{8F08612E-42FC-3FA7-9A66-410FD90ABF78} = {8F08612E-42FC-3FA7-9A66-410FD90ABF78}
	EndProjectSection
EndProject
Project("{8BC9CEB8-8B4A-11D0-8D11-00A0C91BC942}") = "mahi_gui", "mahi_gui.vcxproj", "{8BD9734D-F710-32A9-A4F4-15031D41E714}"
	ProjectSection(ProjectDependencies) = postProject
		{5DA30F08-DD8F-33CE-81A3-3AC6F7C1218F} = {5DA30F08-DD8F-33CE-81A3-3AC6F7C1218F}
		{2BBD47BC-36C6-353F-A9E6-09BE5FA7E640} = {2BBD47BC-36C6-353F-A9E6-09BE5FA7E640}
		{F49CE9B6-6D1F-3B4E-A5C1-5ECA7521D7FB} = {F49CE9B6-6D1F-3B4E-A5C1-5ECA7521D7FB}
		{43D6FDB6-04BE-35FD-B9D4-1C0842CE8A43} = {43D6FDB6-04BE-35FD-B9D4-1C0842CE8A43}
		{8F08612E-42FC-3FA7-9A66-410FD90ABF78} = {8F08612E-42FC-3FA7-9A66-410FD90ABF78}
	EndProjectSection
EndProject
Project("{8BC9CEB8-8B4A-11D0-8D11-00A0C91BC942}") = "msd", "examples\msd.vcxproj", "{40EE0DC5-AA28-3AFC-8633-EA9779B253B4}"
	ProjectSection(ProjectDependencies) = postProject
		{5DA30F08-DD8F-33CE-81A3-3AC6F7C1218F} = {5DA30F08-DD8F-33CE-81A3-3AC6F7C1218F}
		{2BBD47BC-36C6-353F-A9E6-09BE5FA7E640} = {2BBD47BC-36C6-353F-A9E6-09BE5FA7E640}
		{F49CE9B6-6D1F-3B4E-A5C1-5ECA7521D7FB} = {F49CE9B6-6D1F-3B4E-A5C1-5ECA7521D7FB}
		{8BD9734D-F710-32A9-A4F4-15031D41E714} = {8BD9734D-F710-32A9-A4F4-15031D41E714}
		{43D6FDB6-04BE-35FD-B9D4-1C0842CE8A43} = {43D6FDB6-04BE-35FD-B9D4-1C0842CE8A43}
		{8F08612E-42FC-3FA7-9A66-410FD90ABF78} = {8F08612E-42FC-3FA7-9A66-410FD90ABF78}
	EndProjectSection
EndProject
Project("{8BC9CEB8-8B4A-11D0-8D11-00A0C91BC942}") = "nanovg", "3rdparty\nanovg\nanovg.vcxproj", "{43D6FDB6-04BE-35FD-B9D4-1C0842CE8A43}"
	ProjectSection(ProjectDependencies) = postProject
		{5DA30F08-DD8F-33CE-81A3-3AC6F7C1218F} = {5DA30F08-DD8F-33CE-81A3-3AC6F7C1218F}
	EndProjectSection
EndProject
Project("{8BC9CEB8-8B4A-11D0-8D11-00A0C91BC942}") = "nanovg-demo", "3rdparty\nanovg\nanovg-demo.vcxproj", "{C2E09BA5-C15D-3DC1-9960-5F45636D1603}"
	ProjectSection(ProjectDependencies) = postProject
		{5DA30F08-DD8F-33CE-81A3-3AC6F7C1218F} = {5DA30F08-DD8F-33CE-81A3-3AC6F7C1218F}
		{2BBD47BC-36C6-353F-A9E6-09BE5FA7E640} = {2BBD47BC-36C6-353F-A9E6-09BE5FA7E640}
		{F49CE9B6-6D1F-3B4E-A5C1-5ECA7521D7FB} = {F49CE9B6-6D1F-3B4E-A5C1-5ECA7521D7FB}
		{43D6FDB6-04BE-35FD-B9D4-1C0842CE8A43} = {43D6FDB6-04BE-35FD-B9D4-1C0842CE8A43}
	EndProjectSection
EndProject
Project("{8BC9CEB8-8B4A-11D0-8D11-00A0C91BC942}") = "nativefiledialog", "3rdparty\nativefiledialog\nativefiledialog.vcxproj", "{8F08612E-42FC-3FA7-9A66-410FD90ABF78}"
	ProjectSection(ProjectDependencies) = postProject
		{5DA30F08-DD8F-33CE-81A3-3AC6F7C1218F} = {5DA30F08-DD8F-33CE-81A3-3AC6F7C1218F}
	EndProjectSection
EndProject
Project("{8BC9CEB8-8B4A-11D0-8D11-00A0C91BC942}") = "nvg", "examples\nvg.vcxproj", "{4D5F1D5D-27B0-3D14-883E-E8A95454A1D4}"
	ProjectSection(ProjectDependencies) = postProject
		{5DA30F08-DD8F-33CE-81A3-3AC6F7C1218F} = {5DA30F08-DD8F-33CE-81A3-3AC6F7C1218F}
		{2BBD47BC-36C6-353F-A9E6-09BE5FA7E640} = {2BBD47BC-36C6-353F-A9E6-09BE5FA7E640}
		{F49CE9B6-6D1F-3B4E-A5C1-5ECA7521D7FB} = {F49CE9B6-6D1F-3B4E-A5C1-5ECA7521D7FB}
		{8BD9734D-F710-32A9-A4F4-15031D41E714} = {8BD9734D-F710-32A9-A4F4-15031D41E714}
		{43D6FDB6-04BE-35FD-B9D4-1C0842CE8A43} = {43D6FDB6-04BE-35FD-B9D4-1C0842CE8A43}
		{8F08612E-42FC-3FA7-9A66-410FD90ABF78} = {8F08612E-42FC-3FA7-9A66-410FD90ABF78}
	EndProjectSection
EndProject
Project("{8BC9CEB8-8B4A-11D0-8D11-00A0C91BC942}") = "plots", "examples\plots.vcxproj", "{97DA5419-B596-311E-A753-B3009B406AC8}"
	ProjectSection(ProjectDependencies) = postProject
		{5DA30F08-DD8F-33CE-81A3-3AC6F7C1218F} = {5DA30F08-DD8F-33CE-81A3-3AC6F7C1218F}
		{2BBD47BC-36C6-353F-A9E6-09BE5FA7E640} = {2BBD47BC-36C6-353F-A9E6-09BE5FA7E640}
		{F49CE9B6-6D1F-3B4E-A5C1-5ECA7521D7FB} = {F49CE9B6-6D1F-3B4E-A5C1-5ECA7521D7FB}
		{8BD9734D-F710-32A9-A4F4-15031D41E714} = {8BD9734D-F710-32A9-A4F4-15031D41E714}
		{43D6FDB6-04BE-35FD-B9D4-1C0842CE8A43} = {43D6FDB6-04BE-35FD-B9D4-1C0842CE8A43}
		{8F08612E-42FC-3FA7-9A66-410FD90ABF78} = {8F08612E-42FC-3FA7-9A66-410FD90ABF78}
	EndProjectSection
EndProject
Project("{8BC9CEB8-8B4A-11D0-8D11-00A0C91BC942}") = "rt_plots", "examples\rt_plots.vcxproj", "{E997B757-22BB-30FA-8AA2-DD4F321E7EE1}"
	ProjectSection(ProjectDependencies) = postProject
		{5DA30F08-DD8F-33CE-81A3-3AC6F7C1218F} = {5DA30F08-DD8F-33CE-81A3-3AC6F7C1218F}
		{2BBD47BC-36C6-353F-A9E6-09BE5FA7E640} = {2BBD47BC-36C6-353F-A9E6-09BE5FA7E640}
		{F49CE9B6-6D1F-3B4E-A5C1-5ECA7521D7FB} = {F49CE9B6-6D1F-3B4E-A5C1-5ECA7521D7FB}
		{8BD9734D-F710-32A9-A4F4-15031D41E714} = {8BD9734D-F710-32A9-A4F4-15031D41E714}
		{43D6FDB6-04BE-35FD-B9D4-1C0842CE8A43} = {43D6FDB6-04BE-35FD-B9D4-1C0842CE8A43}
		{8F08612E-42FC-3FA7-9A66-410FD90ABF78} = {8F08612E-42FC-3FA7-9A66-410FD90ABF78}
	EndProjectSection
EndProject
Project("{8BC9CEB8-8B4A-11D0-8D11-00A0C91BC942}") = "uninstall", "3rdparty\glfw\uninstall.vcxproj", "{B91E8F74-44CE-355F-92A0-F49AF1ED2655}"
	ProjectSection(ProjectDependencies) = postProject
		{5DA30F08-DD8F-33CE-81A3-3AC6F7C1218F} = {5DA30F08-DD8F-33CE-81A3-3AC6F7C1218F}
	EndProjectSection
EndProject
Global
	GlobalSection(SolutionConfigurationPlatforms) = preSolution
		Debug|x64 = Debug|x64
		Release|x64 = Release|x64
		MinSizeRel|x64 = MinSizeRel|x64
		RelWithDebInfo|x64 = RelWithDebInfo|x64
	EndGlobalSection
	GlobalSection(ProjectConfigurationPlatforms) = postSolution
		{C5AB622E-AF45-3D77-9204-D6585C84A49C}.Debug|x64.ActiveCfg = Debug|x64
		{C5AB622E-AF45-3D77-9204-D6585C84A49C}.Debug|x64.Build.0 = Debug|x64
		{C5AB622E-AF45-3D77-9204-D6585C84A49C}.Release|x64.ActiveCfg = Release|x64
		{C5AB622E-AF45-3D77-9204-D6585C84A49C}.Release|x64.Build.0 = Release|x64
		{C5AB622E-AF45-3D77-9204-D6585C84A49C}.MinSizeRel|x64.ActiveCfg = MinSizeRel|x64
		{C5AB622E-AF45-3D77-9204-D6585C84A49C}.MinSizeRel|x64.Build.0 = MinSizeRel|x64
		{C5AB622E-AF45-3D77-9204-D6585C84A49C}.RelWithDebInfo|x64.ActiveCfg = RelWithDebInfo|x64
		{C5AB622E-AF45-3D77-9204-D6585C84A49C}.RelWithDebInfo|x64.Build.0 = RelWithDebInfo|x64
		{6F010341-C02D-37EA-B5AF-206679C57D85}.Debug|x64.ActiveCfg = Debug|x64
		{6F010341-C02D-37EA-B5AF-206679C57D85}.Release|x64.ActiveCfg = Release|x64
		{6F010341-C02D-37EA-B5AF-206679C57D85}.MinSizeRel|x64.ActiveCfg = MinSizeRel|x64
		{6F010341-C02D-37EA-B5AF-206679C57D85}.RelWithDebInfo|x64.ActiveCfg = RelWithDebInfo|x64
		{5DA30F08-DD8F-33CE-81A3-3AC6F7C1218F}.Debug|x64.ActiveCfg = Debug|x64
		{5DA30F08-DD8F-33CE-81A3-3AC6F7C1218F}.Debug|x64.Build.0 = Debug|x64
		{5DA30F08-DD8F-33CE-81A3-3AC6F7C1218F}.Release|x64.ActiveCfg = Release|x64
		{5DA30F08-DD8F-33CE-81A3-3AC6F7C1218F}.Release|x64.Build.0 = Release|x64
		{5DA30F08-DD8F-33CE-81A3-3AC6F7C1218F}.MinSizeRel|x64.ActiveCfg = MinSizeRel|x64
		{5DA30F08-DD8F-33CE-81A3-3AC6F7C1218F}.MinSizeRel|x64.Build.0 = MinSizeRel|x64
		{5DA30F08-DD8F-33CE-81A3-3AC6F7C1218F}.RelWithDebInfo|x64.ActiveCfg = RelWithDebInfo|x64
		{5DA30F08-DD8F-33CE-81A3-3AC6F7C1218F}.RelWithDebInfo|x64.Build.0 = RelWithDebInfo|x64
		{7475699F-DCAD-3F22-8E4B-B1F4B6C8ACFF}.Debug|x64.ActiveCfg = Debug|x64
		{7475699F-DCAD-3F22-8E4B-B1F4B6C8ACFF}.Debug|x64.Build.0 = Debug|x64
		{7475699F-DCAD-3F22-8E4B-B1F4B6C8ACFF}.Release|x64.ActiveCfg = Release|x64
		{7475699F-DCAD-3F22-8E4B-B1F4B6C8ACFF}.Release|x64.Build.0 = Release|x64
		{7475699F-DCAD-3F22-8E4B-B1F4B6C8ACFF}.MinSizeRel|x64.ActiveCfg = MinSizeRel|x64
		{7475699F-DCAD-3F22-8E4B-B1F4B6C8ACFF}.MinSizeRel|x64.Build.0 = MinSizeRel|x64
		{7475699F-DCAD-3F22-8E4B-B1F4B6C8ACFF}.RelWithDebInfo|x64.ActiveCfg = RelWithDebInfo|x64
		{7475699F-DCAD-3F22-8E4B-B1F4B6C8ACFF}.RelWithDebInfo|x64.Build.0 = RelWithDebInfo|x64
		{68D8D165-33DE-3B14-BA91-46CE82469296}.Debug|x64.ActiveCfg = Debug|x64
		{68D8D165-33DE-3B14-BA91-46CE82469296}.Debug|x64.Build.0 = Debug|x64
		{68D8D165-33DE-3B14-BA91-46CE82469296}.Release|x64.ActiveCfg = Release|x64
		{68D8D165-33DE-3B14-BA91-46CE82469296}.Release|x64.Build.0 = Release|x64
		{68D8D165-33DE-3B14-BA91-46CE82469296}.MinSizeRel|x64.ActiveCfg = MinSizeRel|x64
		{68D8D165-33DE-3B14-BA91-46CE82469296}.MinSizeRel|x64.Build.0 = MinSizeRel|x64
		{68D8D165-33DE-3B14-BA91-46CE82469296}.RelWithDebInfo|x64.ActiveCfg = RelWithDebInfo|x64
		{68D8D165-33DE-3B14-BA91-46CE82469296}.RelWithDebInfo|x64.Build.0 = RelWithDebInfo|x64
		{DD1E4577-D1BE-33F2-BB1D-19CB3465F78D}.Debug|x64.ActiveCfg = Debug|x64
		{DD1E4577-D1BE-33F2-BB1D-19CB3465F78D}.Debug|x64.Build.0 = Debug|x64
		{DD1E4577-D1BE-33F2-BB1D-19CB3465F78D}.Release|x64.ActiveCfg = Release|x64
		{DD1E4577-D1BE-33F2-BB1D-19CB3465F78D}.Release|x64.Build.0 = Release|x64
		{DD1E4577-D1BE-33F2-BB1D-19CB3465F78D}.MinSizeRel|x64.ActiveCfg = MinSizeRel|x64
		{DD1E4577-D1BE-33F2-BB1D-19CB3465F78D}.MinSizeRel|x64.Build.0 = MinSizeRel|x64
		{DD1E4577-D1BE-33F2-BB1D-19CB3465F78D}.RelWithDebInfo|x64.ActiveCfg = RelWithDebInfo|x64
		{DD1E4577-D1BE-33F2-BB1D-19CB3465F78D}.RelWithDebInfo|x64.Build.0 = RelWithDebInfo|x64
		{8B0A119E-27FA-37F9-90DD-A3416358AA10}.Debug|x64.ActiveCfg = Debug|x64
		{8B0A119E-27FA-37F9-90DD-A3416358AA10}.Debug|x64.Build.0 = Debug|x64
		{8B0A119E-27FA-37F9-90DD-A3416358AA10}.Release|x64.ActiveCfg = Release|x64
		{8B0A119E-27FA-37F9-90DD-A3416358AA10}.Release|x64.Build.0 = Release|x64
		{8B0A119E-27FA-37F9-90DD-A3416358AA10}.MinSizeRel|x64.ActiveCfg = MinSizeRel|x64
		{8B0A119E-27FA-37F9-90DD-A3416358AA10}.MinSizeRel|x64.Build.0 = MinSizeRel|x64
		{8B0A119E-27FA-37F9-90DD-A3416358AA10}.RelWithDebInfo|x64.ActiveCfg = RelWithDebInfo|x64
		{8B0A119E-27FA-37F9-90DD-A3416358AA10}.RelWithDebInfo|x64.Build.0 = RelWithDebInfo|x64
		{B39C07E6-0145-3D26-A38A-FAED8FE845CD}.Debug|x64.ActiveCfg = Debug|x64
		{B39C07E6-0145-3D26-A38A-FAED8FE845CD}.Debug|x64.Build.0 = Debug|x64
		{B39C07E6-0145-3D26-A38A-FAED8FE845CD}.Release|x64.ActiveCfg = Release|x64
		{B39C07E6-0145-3D26-A38A-FAED8FE845CD}.Release|x64.Build.0 = Release|x64
		{B39C07E6-0145-3D26-A38A-FAED8FE845CD}.MinSizeRel|x64.ActiveCfg = MinSizeRel|x64
		{B39C07E6-0145-3D26-A38A-FAED8FE845CD}.MinSizeRel|x64.Build.0 = MinSizeRel|x64
		{B39C07E6-0145-3D26-A38A-FAED8FE845CD}.RelWithDebInfo|x64.ActiveCfg = RelWithDebInfo|x64
		{B39C07E6-0145-3D26-A38A-FAED8FE845CD}.RelWithDebInfo|x64.Build.0 = RelWithDebInfo|x64
		{2BBD47BC-36C6-353F-A9E6-09BE5FA7E640}.Debug|x64.ActiveCfg = Debug|x64
		{2BBD47BC-36C6-353F-A9E6-09BE5FA7E640}.Debug|x64.Build.0 = Debug|x64
		{2BBD47BC-36C6-353F-A9E6-09BE5FA7E640}.Release|x64.ActiveCfg = Release|x64
		{2BBD47BC-36C6-353F-A9E6-09BE5FA7E640}.Release|x64.Build.0 = Release|x64
		{2BBD47BC-36C6-353F-A9E6-09BE5FA7E640}.MinSizeRel|x64.ActiveCfg = MinSizeRel|x64
		{2BBD47BC-36C6-353F-A9E6-09BE5FA7E640}.MinSizeRel|x64.Build.0 = MinSizeRel|x64
		{2BBD47BC-36C6-353F-A9E6-09BE5FA7E640}.RelWithDebInfo|x64.ActiveCfg = RelWithDebInfo|x64
		{2BBD47BC-36C6-353F-A9E6-09BE5FA7E640}.RelWithDebInfo|x64.Build.0 = RelWithDebInfo|x64
		{F49CE9B6-6D1F-3B4E-A5C1-5ECA7521D7FB}.Debug|x64.ActiveCfg = Debug|x64
		{F49CE9B6-6D1F-3B4E-A5C1-5ECA7521D7FB}.Debug|x64.Build.0 = Debug|x64
		{F49CE9B6-6D1F-3B4E-A5C1-5ECA7521D7FB}.Release|x64.ActiveCfg = Release|x64
		{F49CE9B6-6D1F-3B4E-A5C1-5ECA7521D7FB}.Release|x64.Build.0 = Release|x64
		{F49CE9B6-6D1F-3B4E-A5C1-5ECA7521D7FB}.MinSizeRel|x64.ActiveCfg = MinSizeRel|x64
		{F49CE9B6-6D1F-3B4E-A5C1-5ECA7521D7FB}.MinSizeRel|x64.Build.0 = MinSizeRel|x64
		{F49CE9B6-6D1F-3B4E-A5C1-5ECA7521D7FB}.RelWithDebInfo|x64.ActiveCfg = RelWithDebInfo|x64
		{F49CE9B6-6D1F-3B4E-A5C1-5ECA7521D7FB}.RelWithDebInfo|x64.Build.0 = RelWithDebInfo|x64
		{0E8D870B-657B-339F-B208-28F816398921}.Debug|x64.ActiveCfg = Debug|x64
		{0E8D870B-657B-339F-B208-28F816398921}.Debug|x64.Build.0 = Debug|x64
		{0E8D870B-657B-339F-B208-28F816398921}.Release|x64.ActiveCfg = Release|x64
		{0E8D870B-657B-339F-B208-28F816398921}.Release|x64.Build.0 = Release|x64
		{0E8D870B-657B-339F-B208-28F816398921}.MinSizeRel|x64.ActiveCfg = MinSizeRel|x64
		{0E8D870B-657B-339F-B208-28F816398921}.MinSizeRel|x64.Build.0 = MinSizeRel|x64
		{0E8D870B-657B-339F-B208-28F816398921}.RelWithDebInfo|x64.ActiveCfg = RelWithDebInfo|x64
		{0E8D870B-657B-339F-B208-28F816398921}.RelWithDebInfo|x64.Build.0 = RelWithDebInfo|x64
		{8BD9734D-F710-32A9-A4F4-15031D41E714}.Debug|x64.ActiveCfg = Debug|x64
		{8BD9734D-F710-32A9-A4F4-15031D41E714}.Debug|x64.Build.0 = Debug|x64
		{8BD9734D-F710-32A9-A4F4-15031D41E714}.Release|x64.ActiveCfg = Release|x64
		{8BD9734D-F710-32A9-A4F4-15031D41E714}.Release|x64.Build.0 = Release|x64
		{8BD9734D-F710-32A9-A4F4-15031D41E714}.MinSizeRel|x64.ActiveCfg = MinSizeRel|x64
		{8BD9734D-F710-32A9-A4F4-15031D41E714}.MinSizeRel|x64.Build.0 = MinSizeRel|x64
		{8BD9734D-F710-32A9-A4F4-15031D41E714}.RelWithDebInfo|x64.ActiveCfg = RelWithDebInfo|x64
		{8BD9734D-F710-32A9-A4F4-15031D41E714}.RelWithDebInfo|x64.Build.0 = RelWithDebInfo|x64
		{40EE0DC5-AA28-3AFC-8633-EA9779B253B4}.Debug|x64.ActiveCfg = Debug|x64
		{40EE0DC5-AA28-3AFC-8633-EA9779B253B4}.Debug|x64.Build.0 = Debug|x64
		{40EE0DC5-AA28-3AFC-8633-EA9779B253B4}.Release|x64.ActiveCfg = Release|x64
		{40EE0DC5-AA28-3AFC-8633-EA9779B253B4}.Release|x64.Build.0 = Release|x64
		{40EE0DC5-AA28-3AFC-8633-EA9779B253B4}.MinSizeRel|x64.ActiveCfg = MinSizeRel|x64
		{40EE0DC5-AA28-3AFC-8633-EA9779B253B4}.MinSizeRel|x64.Build.0 = MinSizeRel|x64
		{40EE0DC5-AA28-3AFC-8633-EA9779B253B4}.RelWithDebInfo|x64.ActiveCfg = RelWithDebInfo|x64
		{40EE0DC5-AA28-3AFC-8633-EA9779B253B4}.RelWithDebInfo|x64.Build.0 = RelWithDebInfo|x64
		{43D6FDB6-04BE-35FD-B9D4-1C0842CE8A43}.Debug|x64.ActiveCfg = Debug|x64
		{43D6FDB6-04BE-35FD-B9D4-1C0842CE8A43}.Debug|x64.Build.0 = Debug|x64
		{43D6FDB6-04BE-35FD-B9D4-1C0842CE8A43}.Release|x64.ActiveCfg = Release|x64
		{43D6FDB6-04BE-35FD-B9D4-1C0842CE8A43}.Release|x64.Build.0 = Release|x64
		{43D6FDB6-04BE-35FD-B9D4-1C0842CE8A43}.MinSizeRel|x64.ActiveCfg = MinSizeRel|x64
		{43D6FDB6-04BE-35FD-B9D4-1C0842CE8A43}.MinSizeRel|x64.Build.0 = MinSizeRel|x64
		{43D6FDB6-04BE-35FD-B9D4-1C0842CE8A43}.RelWithDebInfo|x64.ActiveCfg = RelWithDebInfo|x64
		{43D6FDB6-04BE-35FD-B9D4-1C0842CE8A43}.RelWithDebInfo|x64.Build.0 = RelWithDebInfo|x64
		{C2E09BA5-C15D-3DC1-9960-5F45636D1603}.Debug|x64.ActiveCfg = Debug|x64
		{C2E09BA5-C15D-3DC1-9960-5F45636D1603}.Debug|x64.Build.0 = Debug|x64
		{C2E09BA5-C15D-3DC1-9960-5F45636D1603}.Release|x64.ActiveCfg = Release|x64
		{C2E09BA5-C15D-3DC1-9960-5F45636D1603}.Release|x64.Build.0 = Release|x64
		{C2E09BA5-C15D-3DC1-9960-5F45636D1603}.MinSizeRel|x64.ActiveCfg = MinSizeRel|x64
		{C2E09BA5-C15D-3DC1-9960-5F45636D1603}.MinSizeRel|x64.Build.0 = MinSizeRel|x64
		{C2E09BA5-C15D-3DC1-9960-5F45636D1603}.RelWithDebInfo|x64.ActiveCfg = RelWithDebInfo|x64
		{C2E09BA5-C15D-3DC1-9960-5F45636D1603}.RelWithDebInfo|x64.Build.0 = RelWithDebInfo|x64
		{8F08612E-42FC-3FA7-9A66-410FD90ABF78}.Debug|x64.ActiveCfg = Debug|x64
		{8F08612E-42FC-3FA7-9A66-410FD90ABF78}.Debug|x64.Build.0 = Debug|x64
		{8F08612E-42FC-3FA7-9A66-410FD90ABF78}.Release|x64.ActiveCfg = Release|x64
		{8F08612E-42FC-3FA7-9A66-410FD90ABF78}.Release|x64.Build.0 = Release|x64
		{8F08612E-42FC-3FA7-9A66-410FD90ABF78}.MinSizeRel|x64.ActiveCfg = MinSizeRel|x64
		{8F08612E-42FC-3FA7-9A66-410FD90ABF78}.MinSizeRel|x64.Build.0 = MinSizeRel|x64
		{8F08612E-42FC-3FA7-9A66-410FD90ABF78}.RelWithDebInfo|x64.ActiveCfg = RelWithDebInfo|x64
		{8F08612E-42FC-3FA7-9A66-410FD90ABF78}.RelWithDebInfo|x64.Build.0 = RelWithDebInfo|x64
		{4D5F1D5D-27B0-3D14-883E-E8A95454A1D4}.Debug|x64.ActiveCfg = Debug|x64
		{4D5F1D5D-27B0-3D14-883E-E8A95454A1D4}.Debug|x64.Build.0 = Debug|x64
		{4D5F1D5D-27B0-3D14-883E-E8A95454A1D4}.Release|x64.ActiveCfg = Release|x64
		{4D5F1D5D-27B0-3D14-883E-E8A95454A1D4}.Release|x64.Build.0 = Release|x64
		{4D5F1D5D-27B0-3D14-883E-E8A95454A1D4}.MinSizeRel|x64.ActiveCfg = MinSizeRel|x64
		{4D5F1D5D-27B0-3D14-883E-E8A95454A1D4}.MinSizeRel|x64.Build.0 = MinSizeRel|x64
		{4D5F1D5D-27B0-3D14-883E-E8A95454A1D4}.RelWithDebInfo|x64.ActiveCfg = RelWithDebInfo|x64
		{4D5F1D5D-27B0-3D14-883E-E8A95454A1D4}.RelWithDebInfo|x64.Build.0 = RelWithDebInfo|x64
		{97DA5419-B596-311E-A753-B3009B406AC8}.Debug|x64.ActiveCfg = Debug|x64
		{97DA5419-B596-311E-A753-B3009B406AC8}.Debug|x64.Build.0 = Debug|x64
		{97DA5419-B596-311E-A753-B3009B406AC8}.Release|x64.ActiveCfg = Release|x64
		{97DA5419-B596-311E-A753-B3009B406AC8}.Release|x64.Build.0 = Release|x64
		{97DA5419-B596-311E-A753-B3009B406AC8}.MinSizeRel|x64.ActiveCfg = MinSizeRel|x64
		{97DA5419-B596-311E-A753-B3009B406AC8}.MinSizeRel|x64.Build.0 = MinSizeRel|x64
		{97DA5419-B596-311E-A753-B3009B406AC8}.RelWithDebInfo|x64.ActiveCfg = RelWithDebInfo|x64
		{97DA5419-B596-311E-A753-B3009B406AC8}.RelWithDebInfo|x64.Build.0 = RelWithDebInfo|x64
		{E997B757-22BB-30FA-8AA2-DD4F321E7EE1}.Debug|x64.ActiveCfg = Debug|x64
		{E997B757-22BB-30FA-8AA2-DD4F321E7EE1}.Debug|x64.Build.0 = Debug|x64
		{E997B757-22BB-30FA-8AA2-DD4F321E7EE1}.Release|x64.ActiveCfg = Release|x64
		{E997B757-22BB-30FA-8AA2-DD4F321E7EE1}.Release|x64.Build.0 = Release|x64
		{E997B757-22BB-30FA-8AA2-DD4F321E7EE1}.MinSizeRel|x64.ActiveCfg = MinSizeRel|x64
		{E997B757-22BB-30FA-8AA2-DD4F321E7EE1}.MinSizeRel|x64.Build.0 = MinSizeRel|x64
		{E997B757-22BB-30FA-8AA2-DD4F321E7EE1}.RelWithDebInfo|x64.ActiveCfg = RelWithDebInfo|x64
		{E997B757-22BB-30FA-8AA2-DD4F321E7EE1}.RelWithDebInfo|x64.Build.0 = RelWithDebInfo|x64
		{B91E8F74-44CE-355F-92A0-F49AF1ED2655}.Debug|x64.ActiveCfg = Debug|x64
		{B91E8F74-44CE-355F-92A0-F49AF1ED2655}.Release|x64.ActiveCfg = Release|x64
		{B91E8F74-44CE-355F-92A0-F49AF1ED2655}.MinSizeRel|x64.ActiveCfg = MinSizeRel|x64
		{B91E8F74-44CE-355F-92A0-F49AF1ED2655}.RelWithDebInfo|x64.ActiveCfg = RelWithDebInfo|x64
	EndGlobalSection
	GlobalSection(NestedProjects) = preSolution
		{C5AB622E-AF45-3D77-9204-D6585C84A49C} = {0D5464CF-3765-3FDD-AB4F-4BEEA53D0C71}
		{6F010341-C02D-37EA-B5AF-206679C57D85} = {0D5464CF-3765-3FDD-AB4F-4BEEA53D0C71}
		{5DA30F08-DD8F-33CE-81A3-3AC6F7C1218F} = {0D5464CF-3765-3FDD-AB4F-4BEEA53D0C71}
		{F49CE9B6-6D1F-3B4E-A5C1-5ECA7521D7FB} = {FAF81F0E-2663-3AEB-89A4-F16887E47F49}
		{B91E8F74-44CE-355F-92A0-F49AF1ED2655} = {FAF81F0E-2663-3AEB-89A4-F16887E47F49}
	EndGlobalSection
	GlobalSection(ExtensibilityGlobals) = postSolution
		SolutionGuid = {C9EB65C2-D1AD-306F-A062-4EF62D8DB571}
	EndGlobalSection
	GlobalSection(ExtensibilityAddIns) = postSolution
	EndGlobalSection
EndGlobal
